
Microsoft Visual Studio Solution File, Format Version 12.00
# Visual Studio Version 17
VisualStudioVersion = 17.8.34525.116
MinimumVisualStudioVersion = 10.0.40219.1
Project("{FAE04EC0-301F-11D3-BF4B-00C04F79EFBC}") = "StarPattern", "StarPattern\StarPattern.csproj", "{2574538D-3A48-45AF-B5CB-E667AA6F83AB}"
EndProject
Global
	GlobalSection(SolutionConfigurationPlatforms) = preSolution
		Debug|Any CPU = Debug|Any CPU
		Release|Any CPU = Release|Any CPU
	EndGlobalSection
	GlobalSection(ProjectConfigurationPlatforms) = postSolution
		{2574538D-3A48-45AF-B5CB-E667AA6F83AB}.Debug|Any CPU.ActiveCfg = Debug|Any CPU
		{2574538D-3A48-45AF-B5CB-E667AA6F83AB}.Debug|Any CPU.Build.0 = Debug|Any CPU
		{2574538D-3A48-45AF-B5CB-E667AA6F83AB}.Release|Any CPU.ActiveCfg = Release|Any CPU
		{2574538D-3A48-45AF-B5CB-E667AA6F83AB}.Release|Any CPU.Build.0 = Release|Any CPU
	EndGlobalSection
	GlobalSection(SolutionProperties) = preSolution
		HideSolutionNode = FALSE
	EndGlobalSection
	GlobalSection(ExtensibilityGlobals) = postSolution
		SolutionGuid = {A3FAF0A9-B928-4BE2-A890-BD7AAE7B77A4}
	EndGlobalSection
EndGlobal
